
Microsoft Visual Studio Solution File, Format Version 12.00
# Visual Studio Version 16
VisualStudioVersion = 16.0.31702.278
MinimumVisualStudioVersion = 10.0.40219.1
Project("{FAE04EC0-301F-11D3-BF4B-00C04F79EFBC}") = "Kata04", "Kata04\Kata04.csproj", "{FA084EE0-E6E6-4171-AF09-B441E7FB713F}"
EndProject
Global
	GlobalSection(SolutionConfigurationPlatforms) = preSolution
		Debug|Any CPU = Debug|Any CPU
		Release|Any CPU = Release|Any CPU
	EndGlobalSection
	GlobalSection(ProjectConfigurationPlatforms) = postSolution
		{FA084EE0-E6E6-4171-AF09-B441E7FB713F}.Debug|Any CPU.ActiveCfg = Debug|Any CPU
		{FA084EE0-E6E6-4171-AF09-B441E7FB713F}.Debug|Any CPU.Build.0 = Debug|Any CPU
		{FA084EE0-E6E6-4171-AF09-B441E7FB713F}.Release|Any CPU.ActiveCfg = Release|Any CPU
		{FA084EE0-E6E6-4171-AF09-B441E7FB713F}.Release|Any CPU.Build.0 = Release|Any CPU
	EndGlobalSection
	GlobalSection(SolutionProperties) = preSolution
		HideSolutionNode = FALSE
	EndGlobalSection
	GlobalSection(ExtensibilityGlobals) = postSolution
		SolutionGuid = {C8F05D75-B3EB-4465-B56E-44C14E0F0C0E}
	EndGlobalSection
EndGlobal
